{
  "requires": true,
  "lockfileVersion": 1,
  "dependencies": {
    "vue-youtube-embed": {
      "version": "2.2.1",
      "resolved": "https://registry.npmjs.org/vue-youtube-embed/-/vue-youtube-embed-2.2.1.tgz",
      "integrity": "sha512-XNV6X5QAVU/w2JUwvvBf+6LdV6WF/bsacPo/qCJ0TLkn5YI7Yk0dxWTQAyBW/v97e/EsqgLygkW/qi074jtAHA=="
    }
  }
}
